# This file is automatically @generated by Cargo.
# It is not intended for manual editing.
[[package]]
name = "aiger"
version = "0.1.0"
source = "registry+https://github.com/rust-lang/crates.io-index"
checksum = "5259a8f636350d811827d54bff652f00627cfaee1eceb2ce9dc0958027cab5ad"

[[package]]
name = "flowmap"
version = "0.1.0"
dependencies = [
 "aiger",
]
