# This file is automatically @generated by Cargo.
# It is not intended for manual editing.
[[package]]
name = "aiger"
version = "0.1.1"
source = "registry+https://github.com/rust-lang/crates.io-index"
checksum = "b64b87e065e987cacdb8887564303a967f58fbad7ac7c4cd7e1f943f955d0a4c"

[[package]]
name = "flowmap"
version = "0.1.0"
dependencies = [
 "aiger",
]
