# This file is automatically @generated by Cargo.
# It is not intended for manual editing.
[[package]]
name = "aiger"
version = "0.2.0"
source = "registry+https://github.com/rust-lang/crates.io-index"
checksum = "fd4c981a031c1f46215e39197f6cfbbb9200d457d6756716cd5aa7866f6a9f46"

[[package]]
name = "flowmap"
version = "0.1.0"
dependencies = [
 "aiger",
]
